
Microsoft Visual Studio Solution File, Format Version 12.00
# Visual Studio Version 17
VisualStudioVersion = 17.3.32901.215
MinimumVisualStudioVersion = 10.0.40219.1
Project("{FAE04EC0-301F-11D3-BF4B-00C04F79EFBC}") = "P5_2_1214059", "P5_2_1214059\P5_2_1214059.csproj", "{9FC3621E-D7A9-46A1-900F-1B76DB3D261C}"
EndProject
Global
	GlobalSection(SolutionConfigurationPlatforms) = preSolution
		Debug|Any CPU = Debug|Any CPU
		Release|Any CPU = Release|Any CPU
	EndGlobalSection
	GlobalSection(ProjectConfigurationPlatforms) = postSolution
		{9FC3621E-D7A9-46A1-900F-1B76DB3D261C}.Debug|Any CPU.ActiveCfg = Debug|Any CPU
		{9FC3621E-D7A9-46A1-900F-1B76DB3D261C}.Debug|Any CPU.Build.0 = Debug|Any CPU
		{9FC3621E-D7A9-46A1-900F-1B76DB3D261C}.Release|Any CPU.ActiveCfg = Release|Any CPU
		{9FC3621E-D7A9-46A1-900F-1B76DB3D261C}.Release|Any CPU.Build.0 = Release|Any CPU
	EndGlobalSection
	GlobalSection(SolutionProperties) = preSolution
		HideSolutionNode = FALSE
	EndGlobalSection
	GlobalSection(ExtensibilityGlobals) = postSolution
		SolutionGuid = {5823A4A3-013A-4C4A-9B2A-51FFEF54FAEE}
	EndGlobalSection
EndGlobal
